github.com/pierrre/assert v0.5.7 h1:POHo3GPj9yE4KVooewSuykoLzq3ntEU3/UbNOweq91U=
github.com/pierrre/assert v0.5.7/go.mod h1:Sbu9m6+rccQobpT9AbtH7CVPzAGXloyDKo8Y5gg1qO4=
github.com/pierrre/compare v1.4.10 h1:79reqKizcG04/9gw36nZ1zX9KUHx9l3JK13B4kZy0ts=
github.com/pierrre/compare v1.4.10/go.mod h1:BOhu0I/xlf4sEQv0eygRWhGmJwsz1KCzfeVBuR+topM=
github.com/pierrre/go-libs v0.7.9 h1:4LwK7MdQ+tin837lFc+tEdRepLegQpUW6dQiDk5zR5I=
github.com/pierrre/go-libs v0.7.9/go.mod h1:0TotfCHeVcFTFkPfc/RVe93pDS3JLlcllo9x1Pp+SYE=
github.com/pierrre/pretty v0.6.2 h1:AgldTPWLfSElTeKp1O+Gb0C9ckV0tRRLHFzjxmHHfBQ=
github.com/pierrre/pretty v0.6.2/go.mod h1:KLpocOACmeBrPPEFj6YOl5FYwn25uOwy+B+TKn4V/pg=
