github.com/pierrre/assert v0.5.2 h1:baf+puK+wSh/2Nk33hoeSjyESN6Fzv7yQ3EG3PwZ4Rs=
github.com/pierrre/assert v0.5.2/go.mod h1:i8dfj383tOeO9NGJEoFBXUrJ1TsM6Cwl5boSUfE3PKE=
github.com/pierrre/compare v1.4.10 h1:79reqKizcG04/9gw36nZ1zX9KUHx9l3JK13B4kZy0ts=
github.com/pierrre/compare v1.4.10/go.mod h1:BOhu0I/xlf4sEQv0eygRWhGmJwsz1KCzfeVBuR+topM=
github.com/pierrre/go-libs v0.7.5 h1:wFvWPvjm+BgfLyHvS1kiQpfXQ4lZtln0/MgSbDkGejc=
github.com/pierrre/go-libs v0.7.5/go.mod h1:M4CRrYyylKQOogkC0DlpUxQmePdK0sM3oj4MEk3RkJc=
github.com/pierrre/pretty v0.4.0 h1:fzD4osUxNdKA1DA/m06kqRKIETtMJRS22y+EwRLMEpQ=
github.com/pierrre/pretty v0.4.0/go.mod h1:d5G9FOMNiDZGuLCwV36Ws1rfj4qmj98GTqFcMDhd4QM=
