github.com/pierrre/assert v0.5.4 h1:Wbb7TyW8OWq5DB/XW3gn8gOXFs6R8sMh9pYNFB1LIK8=
github.com/pierrre/assert v0.5.4/go.mod h1:lNHj1/56dV1x0bHmGFntP8fe5nGr83Sji6ZljSAJL+0=
github.com/pierrre/compare v1.4.10 h1:79reqKizcG04/9gw36nZ1zX9KUHx9l3JK13B4kZy0ts=
github.com/pierrre/compare v1.4.10/go.mod h1:BOhu0I/xlf4sEQv0eygRWhGmJwsz1KCzfeVBuR+topM=
github.com/pierrre/go-libs v0.7.6 h1:BfsqqMVko+I7PtJhjNYLcQIcnk8Pf5mKh8YODk95t5Y=
github.com/pierrre/go-libs v0.7.6/go.mod h1:1D/vaaV/r96umFnv1DkgxzCBoMVuauAXmfnWp/D2+y8=
github.com/pierrre/pretty v0.6.1 h1:HhK9zajhm9jSXGEP+ewkDgVfV8MFnRFr6PuIWknUyTY=
github.com/pierrre/pretty v0.6.1/go.mod h1:jFKtB43wPMo2UYASJ7JtO6zzC1Zh/6LaAJF5RBZ0qKw=
